
Microsoft Visual Studio Solution File, Format Version 12.00
# Visual Studio Version 17
VisualStudioVersion = 17.0.32112.339
MinimumVisualStudioVersion = 10.0.40219.1
Project("{9A19103F-16F7-4668-BE54-9A1E7A4F7556}") = "Hand-testing Calculator", "Hand-testing Calculator\Hand-testing Calculator.csproj", "{D8870CE8-00C3-4B39-A68C-44158F8952DF}"
EndProject
Project("{FAE04EC0-301F-11D3-BF4B-00C04F79EFBC}") = "CalculatorTest", "CalculatorTest\CalculatorTest.csproj", "{2DF8A719-7C9F-4E29-B62A-905B73EF5838}"
EndProject
Global
	GlobalSection(SolutionConfigurationPlatforms) = preSolution
		Debug|Any CPU = Debug|Any CPU
		Release|Any CPU = Release|Any CPU
	EndGlobalSection
	GlobalSection(ProjectConfigurationPlatforms) = postSolution
		{D8870CE8-00C3-4B39-A68C-44158F8952DF}.Debug|Any CPU.ActiveCfg = Debug|Any CPU
		{D8870CE8-00C3-4B39-A68C-44158F8952DF}.Debug|Any CPU.Build.0 = Debug|Any CPU
		{D8870CE8-00C3-4B39-A68C-44158F8952DF}.Release|Any CPU.ActiveCfg = Release|Any CPU
		{D8870CE8-00C3-4B39-A68C-44158F8952DF}.Release|Any CPU.Build.0 = Release|Any CPU
		{2DF8A719-7C9F-4E29-B62A-905B73EF5838}.Debug|Any CPU.ActiveCfg = Debug|Any CPU
		{2DF8A719-7C9F-4E29-B62A-905B73EF5838}.Debug|Any CPU.Build.0 = Debug|Any CPU
		{2DF8A719-7C9F-4E29-B62A-905B73EF5838}.Release|Any CPU.ActiveCfg = Release|Any CPU
		{2DF8A719-7C9F-4E29-B62A-905B73EF5838}.Release|Any CPU.Build.0 = Release|Any CPU
	EndGlobalSection
	GlobalSection(SolutionProperties) = preSolution
		HideSolutionNode = FALSE
	EndGlobalSection
	GlobalSection(ExtensibilityGlobals) = postSolution
		SolutionGuid = {9C27FCAC-52C1-43F1-BC56-04BF6E4EB8B0}
	EndGlobalSection
EndGlobal
